
Microsoft Visual Studio Solution File, Format Version 12.00
# Visual Studio Version 17
VisualStudioVersion = 17.2.32616.157
MinimumVisualStudioVersion = 10.0.40219.1
Project("{FAE04EC0-301F-11D3-BF4B-00C04F79EFBC}") = "QUESTAO_02_PROVA", "QUESTAO_02_PROVA.csproj", "{EE412FFA-AF4D-4DCE-8385-F592C37FD61F}"
EndProject
Global
	GlobalSection(SolutionConfigurationPlatforms) = preSolution
		Debug|Any CPU = Debug|Any CPU
		Release|Any CPU = Release|Any CPU
	EndGlobalSection
	GlobalSection(ProjectConfigurationPlatforms) = postSolution
		{EE412FFA-AF4D-4DCE-8385-F592C37FD61F}.Debug|Any CPU.ActiveCfg = Debug|Any CPU
		{EE412FFA-AF4D-4DCE-8385-F592C37FD61F}.Debug|Any CPU.Build.0 = Debug|Any CPU
		{EE412FFA-AF4D-4DCE-8385-F592C37FD61F}.Release|Any CPU.ActiveCfg = Release|Any CPU
		{EE412FFA-AF4D-4DCE-8385-F592C37FD61F}.Release|Any CPU.Build.0 = Release|Any CPU
	EndGlobalSection
	GlobalSection(SolutionProperties) = preSolution
		HideSolutionNode = FALSE
	EndGlobalSection
	GlobalSection(ExtensibilityGlobals) = postSolution
		SolutionGuid = {513298CA-CB5A-4D82-AB06-CFAD942C1393}
	EndGlobalSection
EndGlobal
